
Microsoft Visual Studio Solution File, Format Version 12.00
# Visual Studio Version 17
VisualStudioVersion = 17.14.36401.2 d17.14
MinimumVisualStudioVersion = 10.0.40219.1
Project("{FAE04EC0-301F-11D3-BF4B-00C04F79EFBC}") = "PdfGeneratorApiApp", "PdfGeneratorApiApp.csproj", "{D58706D5-F2EA-42A9-BE98-29672DE9ECE5}"
EndProject
Global
	GlobalSection(SolutionConfigurationPlatforms) = preSolution
		Debug|Any CPU = Debug|Any CPU
		Release|Any CPU = Release|Any CPU
	EndGlobalSection
	GlobalSection(ProjectConfigurationPlatforms) = postSolution
		{D58706D5-F2EA-42A9-BE98-29672DE9ECE5}.Debug|Any CPU.ActiveCfg = Debug|Any CPU
		{D58706D5-F2EA-42A9-BE98-29672DE9ECE5}.Debug|Any CPU.Build.0 = Debug|Any CPU
		{D58706D5-F2EA-42A9-BE98-29672DE9ECE5}.Release|Any CPU.ActiveCfg = Release|Any CPU
		{D58706D5-F2EA-42A9-BE98-29672DE9ECE5}.Release|Any CPU.Build.0 = Release|Any CPU
	EndGlobalSection
	GlobalSection(SolutionProperties) = preSolution
		HideSolutionNode = FALSE
	EndGlobalSection
	GlobalSection(ExtensibilityGlobals) = postSolution
		SolutionGuid = {75F8544C-6FEA-4FF3-B81E-56B29A1AFD27}
	EndGlobalSection
EndGlobal
